
Microsoft Visual Studio Solution File, Format Version 12.00
# Visual Studio 15
VisualStudioVersion = 15.0.26228.9
MinimumVisualStudioVersion = 10.0.40219.1
Project("{2150E333-8FDC-42A3-9474-1A3956D46DE8}") = "lib", "lib", "{BCED6DE5-B9B8-4C67-AC45-B4E1E1BE7D20}"
EndProject
Project("{FAE04EC0-301F-11D3-BF4B-00C04F79EFBC}") = "AutoComplete.Core", "AutoComplete.Core\AutoComplete.Core.csproj", "{C7F59E04-E85A-4F8E-AD63-03B661316493}"
EndProject
Project("{2150E333-8FDC-42A3-9474-1A3956D46DE8}") = "clients", "clients", "{A00F014F-F548-4392-BD82-E33F16762A9F}"
EndProject
Project("{2150E333-8FDC-42A3-9474-1A3956D46DE8}") = "tests", "tests", "{724FC412-A809-48FB-9379-B9D60FFF07A1}"
EndProject
Project("{FAE04EC0-301F-11D3-BF4B-00C04F79EFBC}") = "AutoComplete.UnitTests", "AutoComplete.UnitTests\AutoComplete.UnitTests.csproj", "{0013E859-3FC5-4931-A001-E6B0A2FCED6D}"
EndProject
Project("{2150E333-8FDC-42A3-9474-1A3956D46DE8}") = "Solution Items", "Solution Items", "{380625F2-A815-471A-A7CC-389C3BC3D4C9}"
	ProjectSection(SolutionItems) = preProject
		Local.testsettings = Local.testsettings
	EndProjectSection
EndProject
Project("{FAE04EC0-301F-11D3-BF4B-00C04F79EFBC}") = "Autocomplete.Clients", "AutoComplete.Clients\Autocomplete.Clients.csproj", "{851F5864-6D70-46DE-BA10-21B888EDF314}"
EndProject
Project("{FAE04EC0-301F-11D3-BF4B-00C04F79EFBC}") = "AutoComplete.Clients.Web", "AutoComplete.Clients.Web\AutoComplete.Clients.Web.csproj", "{72ACE1DF-CE17-40A1-8558-C42A5775F641}"
EndProject
Project("{FAE04EC0-301F-11D3-BF4B-00C04F79EFBC}") = "AutoComplete.Clients.Console", "AutoComplete.Clients.Console\AutoComplete.Clients.Console.csproj", "{FE69109D-7D61-449B-8EA3-7CF6E05DA3CA}"
EndProject
Project("{FAE04EC0-301F-11D3-BF4B-00C04F79EFBC}") = "AutoComplete.Tests", "AutoComplete.Tests\AutoComplete.Tests.csproj", "{BDD5D6D1-E2FA-4A75-BEDD-3C3EDEA77F07}"
EndProject
Global
	GlobalSection(SolutionConfigurationPlatforms) = preSolution
		Debug|Any CPU = Debug|Any CPU
		Debug|ARM = Debug|ARM
		Debug|x86 = Debug|x86
		Release|Any CPU = Release|Any CPU
		Release|ARM = Release|ARM
		Release|x86 = Release|x86
	EndGlobalSection
	GlobalSection(ProjectConfigurationPlatforms) = postSolution
		{C7F59E04-E85A-4F8E-AD63-03B661316493}.Debug|Any CPU.ActiveCfg = Debug|Any CPU
		{C7F59E04-E85A-4F8E-AD63-03B661316493}.Debug|Any CPU.Build.0 = Debug|Any CPU
		{C7F59E04-E85A-4F8E-AD63-03B661316493}.Debug|ARM.ActiveCfg = Debug|Any CPU
		{C7F59E04-E85A-4F8E-AD63-03B661316493}.Debug|x86.ActiveCfg = Debug|Any CPU
		{C7F59E04-E85A-4F8E-AD63-03B661316493}.Release|Any CPU.ActiveCfg = Release|Any CPU
		{C7F59E04-E85A-4F8E-AD63-03B661316493}.Release|Any CPU.Build.0 = Release|Any CPU
		{C7F59E04-E85A-4F8E-AD63-03B661316493}.Release|ARM.ActiveCfg = Release|Any CPU
		{C7F59E04-E85A-4F8E-AD63-03B661316493}.Release|x86.ActiveCfg = Release|Any CPU
		{0013E859-3FC5-4931-A001-E6B0A2FCED6D}.Debug|Any CPU.ActiveCfg = Debug|Any CPU
		{0013E859-3FC5-4931-A001-E6B0A2FCED6D}.Debug|Any CPU.Build.0 = Debug|Any CPU
		{0013E859-3FC5-4931-A001-E6B0A2FCED6D}.Debug|ARM.ActiveCfg = Debug|Any CPU
		{0013E859-3FC5-4931-A001-E6B0A2FCED6D}.Debug|x86.ActiveCfg = Debug|Any CPU
		{0013E859-3FC5-4931-A001-E6B0A2FCED6D}.Release|Any CPU.ActiveCfg = Release|Any CPU
		{0013E859-3FC5-4931-A001-E6B0A2FCED6D}.Release|Any CPU.Build.0 = Release|Any CPU
		{0013E859-3FC5-4931-A001-E6B0A2FCED6D}.Release|ARM.ActiveCfg = Release|Any CPU
		{0013E859-3FC5-4931-A001-E6B0A2FCED6D}.Release|x86.ActiveCfg = Release|Any CPU
		{851F5864-6D70-46DE-BA10-21B888EDF314}.Debug|Any CPU.ActiveCfg = Debug|Any CPU
		{851F5864-6D70-46DE-BA10-21B888EDF314}.Debug|Any CPU.Build.0 = Debug|Any CPU
		{851F5864-6D70-46DE-BA10-21B888EDF314}.Debug|ARM.ActiveCfg = Debug|Any CPU
		{851F5864-6D70-46DE-BA10-21B888EDF314}.Debug|ARM.Build.0 = Debug|Any CPU
		{851F5864-6D70-46DE-BA10-21B888EDF314}.Debug|x86.ActiveCfg = Debug|Any CPU
		{851F5864-6D70-46DE-BA10-21B888EDF314}.Debug|x86.Build.0 = Debug|Any CPU
		{851F5864-6D70-46DE-BA10-21B888EDF314}.Release|Any CPU.ActiveCfg = Release|Any CPU
		{851F5864-6D70-46DE-BA10-21B888EDF314}.Release|Any CPU.Build.0 = Release|Any CPU
		{851F5864-6D70-46DE-BA10-21B888EDF314}.Release|ARM.ActiveCfg = Release|Any CPU
		{851F5864-6D70-46DE-BA10-21B888EDF314}.Release|ARM.Build.0 = Release|Any CPU
		{851F5864-6D70-46DE-BA10-21B888EDF314}.Release|x86.ActiveCfg = Release|Any CPU
		{851F5864-6D70-46DE-BA10-21B888EDF314}.Release|x86.Build.0 = Release|Any CPU
		{72ACE1DF-CE17-40A1-8558-C42A5775F641}.Debug|Any CPU.ActiveCfg = Debug|Any CPU
		{72ACE1DF-CE17-40A1-8558-C42A5775F641}.Debug|Any CPU.Build.0 = Debug|Any CPU
		{72ACE1DF-CE17-40A1-8558-C42A5775F641}.Debug|ARM.ActiveCfg = Debug|Any CPU
		{72ACE1DF-CE17-40A1-8558-C42A5775F641}.Debug|ARM.Build.0 = Debug|Any CPU
		{72ACE1DF-CE17-40A1-8558-C42A5775F641}.Debug|x86.ActiveCfg = Debug|Any CPU
		{72ACE1DF-CE17-40A1-8558-C42A5775F641}.Debug|x86.Build.0 = Debug|Any CPU
		{72ACE1DF-CE17-40A1-8558-C42A5775F641}.Release|Any CPU.ActiveCfg = Release|Any CPU
		{72ACE1DF-CE17-40A1-8558-C42A5775F641}.Release|Any CPU.Build.0 = Release|Any CPU
		{72ACE1DF-CE17-40A1-8558-C42A5775F641}.Release|ARM.ActiveCfg = Release|Any CPU
		{72ACE1DF-CE17-40A1-8558-C42A5775F641}.Release|ARM.Build.0 = Release|Any CPU
		{72ACE1DF-CE17-40A1-8558-C42A5775F641}.Release|x86.ActiveCfg = Release|Any CPU
		{72ACE1DF-CE17-40A1-8558-C42A5775F641}.Release|x86.Build.0 = Release|Any CPU
		{FE69109D-7D61-449B-8EA3-7CF6E05DA3CA}.Debug|Any CPU.ActiveCfg = Debug|Any CPU
		{FE69109D-7D61-449B-8EA3-7CF6E05DA3CA}.Debug|Any CPU.Build.0 = Debug|Any CPU
		{FE69109D-7D61-449B-8EA3-7CF6E05DA3CA}.Debug|ARM.ActiveCfg = Debug|Any CPU
		{FE69109D-7D61-449B-8EA3-7CF6E05DA3CA}.Debug|ARM.Build.0 = Debug|Any CPU
		{FE69109D-7D61-449B-8EA3-7CF6E05DA3CA}.Debug|x86.ActiveCfg = Debug|Any CPU
		{FE69109D-7D61-449B-8EA3-7CF6E05DA3CA}.Debug|x86.Build.0 = Debug|Any CPU
		{FE69109D-7D61-449B-8EA3-7CF6E05DA3CA}.Release|Any CPU.ActiveCfg = Release|Any CPU
		{FE69109D-7D61-449B-8EA3-7CF6E05DA3CA}.Release|Any CPU.Build.0 = Release|Any CPU
		{FE69109D-7D61-449B-8EA3-7CF6E05DA3CA}.Release|ARM.ActiveCfg = Release|Any CPU
		{FE69109D-7D61-449B-8EA3-7CF6E05DA3CA}.Release|ARM.Build.0 = Release|Any CPU
		{FE69109D-7D61-449B-8EA3-7CF6E05DA3CA}.Release|x86.ActiveCfg = Release|Any CPU
		{FE69109D-7D61-449B-8EA3-7CF6E05DA3CA}.Release|x86.Build.0 = Release|Any CPU
		{BDD5D6D1-E2FA-4A75-BEDD-3C3EDEA77F07}.Debug|Any CPU.ActiveCfg = Debug|Any CPU
		{BDD5D6D1-E2FA-4A75-BEDD-3C3EDEA77F07}.Debug|Any CPU.Build.0 = Debug|Any CPU
		{BDD5D6D1-E2FA-4A75-BEDD-3C3EDEA77F07}.Debug|ARM.ActiveCfg = Debug|Any CPU
		{BDD5D6D1-E2FA-4A75-BEDD-3C3EDEA77F07}.Debug|ARM.Build.0 = Debug|Any CPU
		{BDD5D6D1-E2FA-4A75-BEDD-3C3EDEA77F07}.Debug|x86.ActiveCfg = Debug|Any CPU
		{BDD5D6D1-E2FA-4A75-BEDD-3C3EDEA77F07}.Debug|x86.Build.0 = Debug|Any CPU
		{BDD5D6D1-E2FA-4A75-BEDD-3C3EDEA77F07}.Release|Any CPU.ActiveCfg = Release|Any CPU
		{BDD5D6D1-E2FA-4A75-BEDD-3C3EDEA77F07}.Release|Any CPU.Build.0 = Release|Any CPU
		{BDD5D6D1-E2FA-4A75-BEDD-3C3EDEA77F07}.Release|ARM.ActiveCfg = Release|Any CPU
		{BDD5D6D1-E2FA-4A75-BEDD-3C3EDEA77F07}.Release|ARM.Build.0 = Release|Any CPU
		{BDD5D6D1-E2FA-4A75-BEDD-3C3EDEA77F07}.Release|x86.ActiveCfg = Release|Any CPU
		{BDD5D6D1-E2FA-4A75-BEDD-3C3EDEA77F07}.Release|x86.Build.0 = Release|Any CPU
	EndGlobalSection
	GlobalSection(SolutionProperties) = preSolution
		HideSolutionNode = FALSE
	EndGlobalSection
	GlobalSection(NestedProjects) = preSolution
		{C7F59E04-E85A-4F8E-AD63-03B661316493} = {BCED6DE5-B9B8-4C67-AC45-B4E1E1BE7D20}
		{0013E859-3FC5-4931-A001-E6B0A2FCED6D} = {724FC412-A809-48FB-9379-B9D60FFF07A1}
		{851F5864-6D70-46DE-BA10-21B888EDF314} = {BCED6DE5-B9B8-4C67-AC45-B4E1E1BE7D20}
		{72ACE1DF-CE17-40A1-8558-C42A5775F641} = {A00F014F-F548-4392-BD82-E33F16762A9F}
		{FE69109D-7D61-449B-8EA3-7CF6E05DA3CA} = {A00F014F-F548-4392-BD82-E33F16762A9F}
		{BDD5D6D1-E2FA-4A75-BEDD-3C3EDEA77F07} = {724FC412-A809-48FB-9379-B9D60FFF07A1}
	EndGlobalSection
	GlobalSection(SubversionScc) = preSolution
		Svn-Managed = True
		Manager = AnkhSVN - Subversion Support for Visual Studio
	EndGlobalSection
EndGlobal
